GEM
  remote: https://rubygems.org/
  specs:
    minitest (6.0.0)
      prism (~> 1.5)
    prism (1.8.0)

PLATFORMS
  x64-mingw-ucrt

DEPENDENCIES
  minitest

CHECKSUMS
  minitest (6.0.0) sha256=4ca597fc1d735ea18d2b4b98c5fb1d5a6da4a6f35ddf32bd5fa3eded33a453be
  prism (1.8.0) sha256=84453a16ef5530ea62c5f03ec16b52a459575ad4e7b9c2b360fd8ce2c39c1254

RUBY VERSION
  ruby 4.0.1

BUNDLED WITH
  4.0.3
